{
  "version": 4,
  "terraform_version": "0.12.4",
  "serial": 181,
  "lineage": "422e2806-956e-23e1-82eb-b24c0830943d",
  "outputs": {
    "cluster_ca_certificate": {
      "value": "LS0tLS1CRUdJTiBDRVJUSUZJQ0FURS0tLS0tCk1JSURERENDQWZTZ0F3SUJBZ0lSQUo0azlCemF6R1hjSlF5Q1B2RUtnLzR3RFFZSktvWklodmNOQVFFTEJRQXcKTHpFdE1Dc0dBMVVFQXhNa05qUXdPRFkyTWpBdE16TXdOQzAwWVdGakxXSXhPV1F0TURGa1ptSmtZV0kyT1RNNQpNQjRYRFRFNU1EY3lNakUwTlRnMU5Gb1hEVEkwTURjeU1ERTFOVGcxTkZvd0x6RXRNQ3NHQTFVRUF4TWtOalF3Ck9EWTJNakF0TXpNd05DMDBZV0ZqTFdJeE9XUXRNREZrWm1Ka1lXSTJPVE01TUlJQklqQU5CZ2txaGtpRzl3MEIKQVFFRkFBT0NBUThBTUlJQkNnS0NBUUVBNXQ1R2NpSkV0OVhicXNrR0hXQVZyWnVHb2NGV3VSczhkcjRpaGMyUwpuN3U5UE1kQVNyZE9pUUM5SkRWdngrUGY1THZmTTVZbzNsSHRyRnNjeHRxeVNLYWpQanBQNGloa1E5MllBWU55CktNVnNyVWdhNENJcmRXTzRaMEY2bk5UamJ2cDBudlo0RUppbFhSRGJUZjRmSm1tWDdDdnhRTC81UjlIK1dxUTMKMVZMMjdHM0FIc2IvVWR3ditqWHdtV3doWjBEVUNydjVMc2VZRkZwMnplZUJ2WnJuL3FxM0VFWDlKaTV4NFFEagpieDIwY3NzMkpWelZIUjlHYmxsdDY0b1Njc0pmQmRiV1VlTXRTTGdPd3RIemRkc09tUjZnSlpMdWlEY0Rqc2d0CkZvL3ZVRkdzTEdNaHJOcDkyWXBPTlBVYjlCQ29UMHN4eU1BNkMwOUpZbW1qQ1FJREFRQUJveU13SVRBT0JnTlYKSFE4QkFmOEVCQU1DQWdRd0R3WURWUjBUQVFIL0JBVXdBd0VCL3pBTkJna3Foa2lHOXcwQkFRc0ZBQU9DQVFFQQpyMHhZSW1nQkFHdG9Kank4eE5uTFB3ZW1XTDA5US9DZ211eXU0YkltVFBvaG5iYkRocjBTVWFFR2dVMnJscWVCCkEwdlpJVnlJSUNMTVBSczF3b21vUThwZWY0TGZraGFEUlFBZldsS1pQbXNPZnJGYTlLQWE2MzAyUjVFeHlXbkEKNXl1TVZzT3kyY0RZcVZwQlhLdmhXbUxvbDF1OUxQRmtwN1Bkb05KTFpsOVcwdSszdFBhR3NpM1VMOE5QK0EvTgpQTEtFZTJjSFJjdG5pNHpjNGgzUDk1bzVINUhUOXJKU3QxU1oxZDIyZnJNbkFyVGZxNnpTMjM4VTlvandYN3dzCkkwc2NLclpycTROM2NPbTJwZ3hkdFUzQVY4RkxkYkIvejEvcmtZYklSTitGN0ZlQWZqN2s3WEt4amlLTzhFNUMKUDdXOG0vMkhkWHJuQ2c5RDhOS3h0QT09Ci0tLS0tRU5EIENFUlRJRklDQVRFLS0tLS0K",
      "type": "string"
    },
    "endpoint": {
      "value": "35.225.22.107",
      "type": "string"
    },
    "master_version": {
      "value": "1.12.8-gke.10",
      "type": "string"
    }
  },
  "resources": [
    {
      "mode": "data",
      "type": "google_client_config",
      "name": "client",
      "provider": "provider.google",
      "instances": [
        {
          "schema_version": 0,
          "attributes": {
            "access_token": "ya29.c.EmFNB_mT_1s3LBQoEppw60cLcRPumxj0F9dRiq3_1yB-0ZupLuPRz5aLAkeXD35toZ_X5iUeflenK1JryWxQRwVKF47lPIBpnQagfL7IrBphGbywi4HsEWY4aw8dI2GWo4w4",
            "id": "2019-07-22 15:57:17.37675 +0000 UTC",
            "project": "terraform-247216",
            "region": "us-central1",
            "zone": ""
          }
        }
      ]
    },
    {
      "mode": "data",
      "type": "google_client_openid_userinfo",
      "name": "terraform_user",
      "provider": "provider.google",
      "instances": [
        {
          "schema_version": 0,
          "attributes": {
            "email": "terraform@terraform-247216.iam.gserviceaccount.com",
            "id": "2019-07-22 15:57:19.063306 +0000 UTC"
          }
        }
      ]
    },
    {
      "mode": "managed",
      "type": "google_container_cluster",
      "name": "gke-cluster",
      "provider": "provider.google",
      "instances": [
        {
          "schema_version": 1,
          "attributes": {
            "additional_zones": [
              "us-central1-a",
              "us-central1-c",
              "us-central1-f"
            ],
            "addons_config": [
              {
                "horizontal_pod_autoscaling": [],
                "http_load_balancing": [],
                "kubernetes_dashboard": [
                  {
                    "disabled": true
                  }
                ],
                "network_policy_config": [
                  {
                    "disabled": true
                  }
                ]
              }
            ],
            "cluster_autoscaling": [],
            "cluster_ipv4_cidr": "10.4.0.0/14",
            "description": "",
            "enable_binary_authorization": null,
            "enable_intranode_visibility": null,
            "enable_kubernetes_alpha": false,
            "enable_legacy_abac": false,
            "enable_tpu": null,
            "endpoint": "35.225.22.107",
            "id": "dev-gke-cluster",
            "initial_node_count": 1,
            "instance_group_urls": [],
            "ip_allocation_policy": [],
            "location": "us-central1",
            "logging_service": "logging.googleapis.com",
            "maintenance_policy": [],
            "master_auth": [
              {
                "client_certificate": "",
                "client_certificate_config": [
                  {
                    "issue_client_certificate": false
                  }
                ],
                "client_key": "",
                "cluster_ca_certificate": "LS0tLS1CRUdJTiBDRVJUSUZJQ0FURS0tLS0tCk1JSURERENDQWZTZ0F3SUJBZ0lSQUo0azlCemF6R1hjSlF5Q1B2RUtnLzR3RFFZSktvWklodmNOQVFFTEJRQXcKTHpFdE1Dc0dBMVVFQXhNa05qUXdPRFkyTWpBdE16TXdOQzAwWVdGakxXSXhPV1F0TURGa1ptSmtZV0kyT1RNNQpNQjRYRFRFNU1EY3lNakUwTlRnMU5Gb1hEVEkwTURjeU1ERTFOVGcxTkZvd0x6RXRNQ3NHQTFVRUF4TWtOalF3Ck9EWTJNakF0TXpNd05DMDBZV0ZqTFdJeE9XUXRNREZrWm1Ka1lXSTJPVE01TUlJQklqQU5CZ2txaGtpRzl3MEIKQVFFRkFBT0NBUThBTUlJQkNnS0NBUUVBNXQ1R2NpSkV0OVhicXNrR0hXQVZyWnVHb2NGV3VSczhkcjRpaGMyUwpuN3U5UE1kQVNyZE9pUUM5SkRWdngrUGY1THZmTTVZbzNsSHRyRnNjeHRxeVNLYWpQanBQNGloa1E5MllBWU55CktNVnNyVWdhNENJcmRXTzRaMEY2bk5UamJ2cDBudlo0RUppbFhSRGJUZjRmSm1tWDdDdnhRTC81UjlIK1dxUTMKMVZMMjdHM0FIc2IvVWR3ditqWHdtV3doWjBEVUNydjVMc2VZRkZwMnplZUJ2WnJuL3FxM0VFWDlKaTV4NFFEagpieDIwY3NzMkpWelZIUjlHYmxsdDY0b1Njc0pmQmRiV1VlTXRTTGdPd3RIemRkc09tUjZnSlpMdWlEY0Rqc2d0CkZvL3ZVRkdzTEdNaHJOcDkyWXBPTlBVYjlCQ29UMHN4eU1BNkMwOUpZbW1qQ1FJREFRQUJveU13SVRBT0JnTlYKSFE4QkFmOEVCQU1DQWdRd0R3WURWUjBUQVFIL0JBVXdBd0VCL3pBTkJna3Foa2lHOXcwQkFRc0ZBQU9DQVFFQQpyMHhZSW1nQkFHdG9Kank4eE5uTFB3ZW1XTDA5US9DZ211eXU0YkltVFBvaG5iYkRocjBTVWFFR2dVMnJscWVCCkEwdlpJVnlJSUNMTVBSczF3b21vUThwZWY0TGZraGFEUlFBZldsS1pQbXNPZnJGYTlLQWE2MzAyUjVFeHlXbkEKNXl1TVZzT3kyY0RZcVZwQlhLdmhXbUxvbDF1OUxQRmtwN1Bkb05KTFpsOVcwdSszdFBhR3NpM1VMOE5QK0EvTgpQTEtFZTJjSFJjdG5pNHpjNGgzUDk1bzVINUhUOXJKU3QxU1oxZDIyZnJNbkFyVGZxNnpTMjM4VTlvandYN3dzCkkwc2NLclpycTROM2NPbTJwZ3hkdFUzQVY4RkxkYkIvejEvcmtZYklSTitGN0ZlQWZqN2s3WEt4amlLTzhFNUMKUDdXOG0vMkhkWHJuQ2c5RDhOS3h0QT09Ci0tLS0tRU5EIENFUlRJRklDQVRFLS0tLS0K",
                "password": "",
                "username": ""
              }
            ],
            "master_authorized_networks_config": [],
            "master_version": "1.12.8-gke.10",
            "min_master_version": null,
            "monitoring_service": "monitoring.googleapis.com",
            "name": "dev-gke-cluster",
            "network": "projects/terraform-247216/global/networks/default",
            "network_policy": [
              {
                "enabled": false,
                "provider": "PROVIDER_UNSPECIFIED"
              }
            ],
            "node_config": [],
            "node_locations": [
              "us-central1-a",
              "us-central1-c",
              "us-central1-f"
            ],
            "node_pool": [],
            "node_version": "1.12.8-gke.10",
            "pod_security_policy_config": [],
            "private_cluster_config": [],
            "project": "terraform-247216",
            "region": "us-central1",
            "remove_default_node_pool": true,
            "resource_labels": null,
            "services_ipv4_cidr": "10.7.240.0/20",
            "subnetwork": "projects/terraform-247216/regions/us-central1/subnetworks/default",
            "timeouts": null,
            "zone": null
          },
          "private": "eyJlMmJmYjczMC1lY2FhLTExZTYtOGY4OC0zNDM2M2JjN2M0YzAiOnsiY3JlYXRlIjoxODAwMDAwMDAwMDAwLCJkZWxldGUiOjE4MDAwMDAwMDAwMDAsInVwZGF0ZSI6MzYwMDAwMDAwMDAwMH0sInNjaGVtYV92ZXJzaW9uIjoiMSJ9"
        }
      ]
    },
    {
      "mode": "managed",
      "type": "google_container_node_pool",
      "name": "primary_node_pool",
      "provider": "provider.google",
      "instances": [
        {
          "schema_version": 1,
          "attributes": {
            "autoscaling": [],
            "cluster": "dev-gke-cluster",
            "id": "us-central1/dev-gke-cluster/dev-node-pool",
            "initial_node_count": 1,
            "instance_group_urls": [
              "https://www.googleapis.com/compute/v1/projects/terraform-247216/zones/us-central1-f/instanceGroupManagers/gke-dev-gke-cluster-dev-node-pool-4213d9db-grp",
              "https://www.googleapis.com/compute/v1/projects/terraform-247216/zones/us-central1-a/instanceGroupManagers/gke-dev-gke-cluster-dev-node-pool-f755b150-grp",
              "https://www.googleapis.com/compute/v1/projects/terraform-247216/zones/us-central1-c/instanceGroupManagers/gke-dev-gke-cluster-dev-node-pool-29b3a1ff-grp"
            ],
            "location": "us-central1",
            "management": [
              {
                "auto_repair": false,
                "auto_upgrade": false
              }
            ],
            "max_pods_per_node": null,
            "name": "dev-node-pool",
            "name_prefix": "",
            "node_config": [
              {
                "disk_size_gb": 100,
                "disk_type": "pd-standard",
                "guest_accelerator": [],
                "image_type": "COS",
                "labels": {},
                "local_ssd_count": 0,
                "machine_type": "n1-standard-1",
                "metadata": {
                  "disable-legacy-endpoints": "true"
                },
                "min_cpu_platform": "",
                "oauth_scopes": [
                  "https://www.googleapis.com/auth/logging.write",
                  "https://www.googleapis.com/auth/monitoring"
                ],
                "preemptible": true,
                "sandbox_config": [],
                "service_account": "default",
                "tags": null,
                "taint": [],
                "workload_metadata_config": []
              }
            ],
            "node_count": 1,
            "project": "terraform-247216",
            "region": "us-central1",
            "timeouts": null,
            "version": "1.12.8-gke.10",
            "zone": null
          },
          "private": "eyJlMmJmYjczMC1lY2FhLTExZTYtOGY4OC0zNDM2M2JjN2M0YzAiOnsiY3JlYXRlIjoxODAwMDAwMDAwMDAwLCJkZWxldGUiOjYwMDAwMDAwMDAwMCwidXBkYXRlIjo2MDAwMDAwMDAwMDB9LCJzY2hlbWFfdmVyc2lvbiI6IjEifQ==",
          "depends_on": [
            "google_container_cluster.gke-cluster"
          ]
        }
      ]
    },
    {
      "mode": "managed",
      "type": "helm_release",
      "name": "consul",
      "provider": "provider.helm",
      "instances": [
        {
          "schema_version": 0,
          "attributes": {
            "chart": "local/consul-helm",
            "devel": null,
            "disable_webhooks": false,
            "force_update": false,
            "id": "consul",
            "keyring": null,
            "metadata": [
              {
                "chart": "consul-helm",
                "name": "consul",
                "namespace": "default",
                "revision": 1,
                "values": "client:\n  enabled: true\n  grpc: true\nconnectInject:\n  enabled: true\ndns:\n  enabled: true\nglobal:\n  datacenter: dc1\n  domain: consul\n  enabled: true\n  image: consul:1.4.2\nserver:\n  bootstrapExpect: 3\n  enabled: true\n  replicas: 3\n  storage: 10Gi\nui:\n  enabled: true\n  service:\n    enabled: true\n    type: LoadBalancer\n",
                "version": "0.9.0-beta"
              }
            ],
            "name": "consul",
            "namespace": "default",
            "recreate_pods": false,
            "repository": null,
            "reuse": false,
            "reuse_values": false,
            "set": [],
            "set_sensitive": [],
            "set_string": [],
            "status": "DEPLOYED",
            "timeout": 300,
            "values": [
              "global:\n  enabled: true\n  image: \"consul:1.4.2\"\n  domain: consul\n  datacenter: dc1\n\nserver:\n  enabled: true\n  replicas: 3\n  bootstrapExpect: 3\n  storage: 10Gi\n\nclient:\n  enabled: true\n  grpc: true\n\nconnectInject:\n  enabled: true\n\ndns:\n  enabled: true\n\nui:\n  enabled: true\n  service:\n    enabled: true\n    type: LoadBalancer\n"
            ],
            "verify": false,
            "version": "0.9.0-beta",
            "wait": true
          },
          "private": "bnVsbA==",
          "depends_on": [
            "kubernetes_service_account.tiller"
          ]
        }
      ]
    },
    {
      "mode": "managed",
      "type": "kubernetes_cluster_role_binding",
      "name": "tiller",
      "provider": "provider.kubernetes",
      "instances": [
        {
          "schema_version": 0,
          "attributes": {
            "id": "tiller",
            "metadata": [
              {
                "annotations": null,
                "generation": 0,
                "labels": null,
                "name": "tiller",
                "resource_version": "1700",
                "self_link": "/apis/rbac.authorization.k8s.io/v1/clusterrolebindings/tiller",
                "uid": "96ae5e85-ac9a-11e9-a2d1-42010a80021d"
              }
            ],
            "role_ref": [
              {
                "api_group": "rbac.authorization.k8s.io",
                "kind": "ClusterRole",
                "name": "cluster-admin"
              }
            ],
            "subject": [
              {
                "api_group": "rbac.authorization.k8s.io",
                "kind": "User",
                "name": "system:serviceaccount:kube-system:tiller",
                "namespace": "default"
              }
            ]
          },
          "private": "bnVsbA=="
        }
      ]
    },
    {
      "mode": "managed",
      "type": "kubernetes_service_account",
      "name": "tiller",
      "provider": "provider.kubernetes",
      "instances": [
        {
          "schema_version": 0,
          "attributes": {
            "automount_service_account_token": false,
            "default_secret_name": "tiller-token-j6j72",
            "id": "kube-system/tiller",
            "image_pull_secret": [],
            "metadata": [
              {
                "annotations": null,
                "generate_name": "",
                "generation": 0,
                "labels": null,
                "name": "tiller",
                "namespace": "kube-system",
                "resource_version": "1705",
                "self_link": "/api/v1/namespaces/kube-system/serviceaccounts/tiller",
                "uid": "96eefd6e-ac9a-11e9-a2d1-42010a80021d"
              }
            ],
            "secret": []
          },
          "private": "bnVsbA==",
          "depends_on": [
            "kubernetes_cluster_role_binding.tiller"
          ]
        }
      ]
    }
  ]
}
